
Microsoft Visual Studio Solution File, Format Version 12.00
# Visual Studio Version 16
VisualStudioVersion = 16.0.30611.23
MinimumVisualStudioVersion = 10.0.40219.1
Project("{FAE04EC0-301F-11D3-BF4B-00C04F79EFBC}") = "Lab7RegEx", "Lab7RegEx\Lab7RegEx.csproj", "{8C40102F-424E-403B-B9DA-CF3AC8BC56BE}"
EndProject
Global
	GlobalSection(SolutionConfigurationPlatforms) = preSolution
		Debug|Any CPU = Debug|Any CPU
		Release|Any CPU = Release|Any CPU
	EndGlobalSection
	GlobalSection(ProjectConfigurationPlatforms) = postSolution
		{8C40102F-424E-403B-B9DA-CF3AC8BC56BE}.Debug|Any CPU.ActiveCfg = Debug|Any CPU
		{8C40102F-424E-403B-B9DA-CF3AC8BC56BE}.Debug|Any CPU.Build.0 = Debug|Any CPU
		{8C40102F-424E-403B-B9DA-CF3AC8BC56BE}.Release|Any CPU.ActiveCfg = Release|Any CPU
		{8C40102F-424E-403B-B9DA-CF3AC8BC56BE}.Release|Any CPU.Build.0 = Release|Any CPU
	EndGlobalSection
	GlobalSection(SolutionProperties) = preSolution
		HideSolutionNode = FALSE
	EndGlobalSection
	GlobalSection(ExtensibilityGlobals) = postSolution
		SolutionGuid = {11841C9B-47D9-49B2-8668-724BBB939502}
	EndGlobalSection
EndGlobal
